// !$*UTF8*$!
{
	archiveVersion = 1;
	classes = {
	};
	objectVersion = 46;
	objects = {

/* Begin PBXBuildFile section */
		085860A01CAC9C1300851731 /* BaseViewController.swift in Sources */ = {isa = PBXBuildFile; fileRef = 0858609F1CAC9C1300851731 /* BaseViewController.swift */; };
		08685FE11CB73F520063BEDD /* TaskItemCell.swift in Sources */ = {isa = PBXBuildFile; fileRef = 08685FE01CB73F520063BEDD /* TaskItemCell.swift */; };
		08BC7BEF1CB2EC18004E0690 /* MobleTask.swift in Sources */ = {isa = PBXBuildFile; fileRef = 08BC7BEE1CB2EC18004E0690 /* MobleTask.swift */; };
		08BC7BF31CB2F61B004E0690 /* BaseTableViewController.swift in Sources */ = {isa = PBXBuildFile; fileRef = 08BC7BF21CB2F61B004E0690 /* BaseTableViewController.swift */; };
		08BC7BF51CB2F64D004E0690 /* ViewControllerShared.swift in Sources */ = {isa = PBXBuildFile; fileRef = 08BC7BF41CB2F64D004E0690 /* ViewControllerShared.swift */; };
		08E0832A1CAC0DD00086228E /* LoginViewController.swift in Sources */ = {isa = PBXBuildFile; fileRef = 08E083291CAC0DD00086228E /* LoginViewController.swift */; };
		08E0832D1CAC118A0086228E /* NetworkService.swift in Sources */ = {isa = PBXBuildFile; fileRef = 08E0832C1CAC118A0086228E /* NetworkService.swift */; };
		08E083301CAC12770086228E /* NetworkProtocol.swift in Sources */ = {isa = PBXBuildFile; fileRef = 08E0832F1CAC12770086228E /* NetworkProtocol.swift */; };
		08E083331CAC61F70086228E /* Network.swift in Sources */ = {isa = PBXBuildFile; fileRef = 08E083321CAC61F70086228E /* Network.swift */; };
		08E083361CAC7B250086228E /* Async.swift in Sources */ = {isa = PBXBuildFile; fileRef = 08E083351CAC7B250086228E /* Async.swift */; };
		A2BD20971AC8A731007F7181 /* QSTodoDataModel.xcdatamodeld in Sources */ = {isa = PBXBuildFile; fileRef = A2BD20951AC8A731007F7181 /* QSTodoDataModel.xcdatamodeld */; };
		A2D9CBC41943C2540017F096 /* AppDelegate.swift in Sources */ = {isa = PBXBuildFile; fileRef = A2D9CBC31943C2540017F096 /* AppDelegate.swift */; };
		A2D9CBCC1943C2540017F096 /* Main.storyboard in Resources */ = {isa = PBXBuildFile; fileRef = A2D9CBCA1943C2540017F096 /* Main.storyboard */; };
		A2D9CBCE1943C2540017F096 /* Images.xcassets in Resources */ = {isa = PBXBuildFile; fileRef = A2D9CBCD1943C2540017F096 /* Images.xcassets */; };
		A2D9CBE41943C39D0017F096 /* TasksViewController.swift in Sources */ = {isa = PBXBuildFile; fileRef = A2D9CBE31943C39D0017F096 /* TasksViewController.swift */; };
		A2E767C6194594DC00869113 /* TaskViewController.swift in Sources */ = {isa = PBXBuildFile; fileRef = A2E767C5194594DC00869113 /* TaskViewController.swift */; };
		A31A89F71BF3FDFA00C7B656 /* Launch Screen.storyboard in Resources */ = {isa = PBXBuildFile; fileRef = A31A89F61BF3FDFA00C7B656 /* Launch Screen.storyboard */; };
		A3BBD77D1C05181600DD0DB0 /* MicrosoftAzureMobile.framework in Frameworks */ = {isa = PBXBuildFile; fileRef = A3BBD77C1C05181600DD0DB0 /* MicrosoftAzureMobile.framework */; };
/* End PBXBuildFile section */

/* Begin PBXFileReference section */
		0858609F1CAC9C1300851731 /* BaseViewController.swift */ = {isa = PBXFileReference; fileEncoding = 4; lastKnownFileType = sourcecode.swift; path = BaseViewController.swift; sourceTree = "<group>"; };
		08685FE01CB73F520063BEDD /* TaskItemCell.swift */ = {isa = PBXFileReference; fileEncoding = 4; lastKnownFileType = sourcecode.swift; path = TaskItemCell.swift; sourceTree = "<group>"; };
		08BC7BEE1CB2EC18004E0690 /* MobleTask.swift */ = {isa = PBXFileReference; fileEncoding = 4; lastKnownFileType = sourcecode.swift; path = MobleTask.swift; sourceTree = "<group>"; };
		08BC7BF21CB2F61B004E0690 /* BaseTableViewController.swift */ = {isa = PBXFileReference; fileEncoding = 4; lastKnownFileType = sourcecode.swift; path = BaseTableViewController.swift; sourceTree = "<group>"; };
		08BC7BF41CB2F64D004E0690 /* ViewControllerShared.swift */ = {isa = PBXFileReference; fileEncoding = 4; lastKnownFileType = sourcecode.swift; path = ViewControllerShared.swift; sourceTree = "<group>"; };
		08E083291CAC0DD00086228E /* LoginViewController.swift */ = {isa = PBXFileReference; fileEncoding = 4; lastKnownFileType = sourcecode.swift; path = LoginViewController.swift; sourceTree = "<group>"; };
		08E0832C1CAC118A0086228E /* NetworkService.swift */ = {isa = PBXFileReference; fileEncoding = 4; lastKnownFileType = sourcecode.swift; path = NetworkService.swift; sourceTree = "<group>"; };
		08E0832F1CAC12770086228E /* NetworkProtocol.swift */ = {isa = PBXFileReference; fileEncoding = 4; lastKnownFileType = sourcecode.swift; path = NetworkProtocol.swift; sourceTree = "<group>"; };
		08E083321CAC61F70086228E /* Network.swift */ = {isa = PBXFileReference; fileEncoding = 4; lastKnownFileType = sourcecode.swift; path = Network.swift; sourceTree = "<group>"; };
		08E083351CAC7B250086228E /* Async.swift */ = {isa = PBXFileReference; fileEncoding = 4; lastKnownFileType = sourcecode.swift; path = Async.swift; sourceTree = "<group>"; };
		A2BD20961AC8A731007F7181 /* QSTodoDataModel.xcdatamodel */ = {isa = PBXFileReference; lastKnownFileType = wrapper.xcdatamodel; path = QSTodoDataModel.xcdatamodel; sourceTree = "<group>"; };
		A2D9CBBE1943C2540017F096 /* MobileTasks.iOS.app */ = {isa = PBXFileReference; explicitFileType = wrapper.application; includeInIndex = 0; path = MobileTasks.iOS.app; sourceTree = BUILT_PRODUCTS_DIR; };
		A2D9CBC21943C2540017F096 /* Info.plist */ = {isa = PBXFileReference; lastKnownFileType = text.plist.xml; path = Info.plist; sourceTree = "<group>"; };
		A2D9CBC31943C2540017F096 /* AppDelegate.swift */ = {isa = PBXFileReference; lastKnownFileType = sourcecode.swift; path = AppDelegate.swift; sourceTree = "<group>"; };
		A2D9CBCB1943C2540017F096 /* Base */ = {isa = PBXFileReference; lastKnownFileType = file.storyboard; name = Base; path = Base.lproj/Main.storyboard; sourceTree = "<group>"; };
		A2D9CBCD1943C2540017F096 /* Images.xcassets */ = {isa = PBXFileReference; lastKnownFileType = folder.assetcatalog; path = Images.xcassets; sourceTree = "<group>"; };
		A2D9CBE31943C39D0017F096 /* TasksViewController.swift */ = {isa = PBXFileReference; fileEncoding = 4; lastKnownFileType = sourcecode.swift; path = TasksViewController.swift; sourceTree = "<group>"; };
		A2D9CBE81943D1340017F096 /* malmobileapp-Bridging-Header.h */ = {isa = PBXFileReference; lastKnownFileType = sourcecode.c.h; path = "malmobileapp-Bridging-Header.h"; sourceTree = "<group>"; };
		A2E767C5194594DC00869113 /* TaskViewController.swift */ = {isa = PBXFileReference; fileEncoding = 4; lastKnownFileType = sourcecode.swift; path = TaskViewController.swift; sourceTree = "<group>"; };
		A31A89F61BF3FDFA00C7B656 /* Launch Screen.storyboard */ = {isa = PBXFileReference; fileEncoding = 4; lastKnownFileType = file.storyboard; path = "Launch Screen.storyboard"; sourceTree = "<group>"; };
		A3BBD77C1C05181600DD0DB0 /* MicrosoftAzureMobile.framework */ = {isa = PBXFileReference; lastKnownFileType = wrapper.framework; path = MicrosoftAzureMobile.framework; sourceTree = "<group>"; };
/* End PBXFileReference section */

/* Begin PBXFrameworksBuildPhase section */
		A2D9CBBB1943C2540017F096 /* Frameworks */ = {
			isa = PBXFrameworksBuildPhase;
			buildActionMask = 2147483647;
			files = (
				A3BBD77D1C05181600DD0DB0 /* MicrosoftAzureMobile.framework in Frameworks */,
			);
			runOnlyForDeploymentPostprocessing = 0;
		};
/* End PBXFrameworksBuildPhase section */

/* Begin PBXGroup section */
		08BC7BED1CB2EBFF004E0690 /* Models */ = {
			isa = PBXGroup;
			children = (
				08BC7BEE1CB2EC18004E0690 /* MobleTask.swift */,
			);
			name = Models;
			sourceTree = "<group>";
		};
		08E083281CAC0A7C0086228E /* ViewControllers */ = {
			isa = PBXGroup;
			children = (
				A2D9CBE31943C39D0017F096 /* TasksViewController.swift */,
				A2E767C5194594DC00869113 /* TaskViewController.swift */,
				08E083291CAC0DD00086228E /* LoginViewController.swift */,
				0858609F1CAC9C1300851731 /* BaseViewController.swift */,
				08BC7BF21CB2F61B004E0690 /* BaseTableViewController.swift */,
			);
			name = ViewControllers;
			sourceTree = "<group>";
		};
		08E0832B1CAC11790086228E /* Services */ = {
			isa = PBXGroup;
			children = (
				08E0832C1CAC118A0086228E /* NetworkService.swift */,
			);
			name = Services;
			sourceTree = "<group>";
		};
		08E0832E1CAC12450086228E /* Protocols */ = {
			isa = PBXGroup;
			children = (
				08E0832F1CAC12770086228E /* NetworkProtocol.swift */,
			);
			name = Protocols;
			sourceTree = "<group>";
		};
		08E083311CAC61E70086228E /* Constants */ = {
			isa = PBXGroup;
			children = (
				08E083321CAC61F70086228E /* Network.swift */,
			);
			name = Constants;
			sourceTree = "<group>";
		};
		08E083341CAC7B120086228E /* Utilities */ = {
			isa = PBXGroup;
			children = (
				08E083351CAC7B250086228E /* Async.swift */,
				08BC7BF41CB2F64D004E0690 /* ViewControllerShared.swift */,
			);
			name = Utilities;
			sourceTree = "<group>";
		};
		A2D9CBB51943C2540017F096 = {
			isa = PBXGroup;
			children = (
				A2D9CBC01943C2540017F096 /* MobileTasks.iOS */,
				A2D9CBBF1943C2540017F096 /* Products */,
			);
			sourceTree = "<group>";
		};
		A2D9CBBF1943C2540017F096 /* Products */ = {
			isa = PBXGroup;
			children = (
				A2D9CBBE1943C2540017F096 /* MobileTasks.iOS.app */,
			);
			name = Products;
			sourceTree = "<group>";
		};
		A2D9CBC01943C2540017F096 /* MobileTasks.iOS */ = {
			isa = PBXGroup;
			children = (
				08BC7BED1CB2EBFF004E0690 /* Models */,
				08E083341CAC7B120086228E /* Utilities */,
				08E083311CAC61E70086228E /* Constants */,
				08E0832E1CAC12450086228E /* Protocols */,
				08E0832B1CAC11790086228E /* Services */,
				08E083281CAC0A7C0086228E /* ViewControllers */,
				A2BD20951AC8A731007F7181 /* QSTodoDataModel.xcdatamodeld */,
				A2D9CBC31943C2540017F096 /* AppDelegate.swift */,
				A2D9CBCA1943C2540017F096 /* Main.storyboard */,
				A2D9CBCD1943C2540017F096 /* Images.xcassets */,
				A2D9CBC11943C2540017F096 /* Supporting Files */,
				A2D9CBE51943CB520017F096 /* frameworks */,
				A2D9CBE81943D1340017F096 /* malmobileapp-Bridging-Header.h */,
				A31A89F61BF3FDFA00C7B656 /* Launch Screen.storyboard */,
				08685FE01CB73F520063BEDD /* TaskItemCell.swift */,
			);
			name = MobileTasks.iOS;
			path = malmobileapp;
			sourceTree = "<group>";
		};
		A2D9CBC11943C2540017F096 /* Supporting Files */ = {
			isa = PBXGroup;
			children = (
				A2D9CBC21943C2540017F096 /* Info.plist */,
			);
			name = "Supporting Files";
			sourceTree = "<group>";
		};
		A2D9CBE51943CB520017F096 /* frameworks */ = {
			isa = PBXGroup;
			children = (
				A3BBD77C1C05181600DD0DB0 /* MicrosoftAzureMobile.framework */,
			);
			name = frameworks;
			path = ..;
			sourceTree = "<group>";
		};
/* End PBXGroup section */

/* Begin PBXNativeTarget section */
		A2D9CBBD1943C2540017F096 /* MobileTasks.iOS */ = {
			isa = PBXNativeTarget;
			buildConfigurationList = A2D9CBDD1943C2540017F096 /* Build configuration list for PBXNativeTarget "MobileTasks.iOS" */;
			buildPhases = (
				A2D9CBBA1943C2540017F096 /* Sources */,
				A2D9CBBB1943C2540017F096 /* Frameworks */,
				A2D9CBBC1943C2540017F096 /* Resources */,
			);
			buildRules = (
			);
			dependencies = (
			);
			name = MobileTasks.iOS;
			productName = malmobileapp;
			productReference = A2D9CBBE1943C2540017F096 /* MobileTasks.iOS.app */;
			productType = "com.apple.product-type.application";
		};
/* End PBXNativeTarget section */

/* Begin PBXProject section */
		A2D9CBB61943C2540017F096 /* Project object */ = {
			isa = PBXProject;
			attributes = {
				LastSwiftMigration = 0700;
				LastSwiftUpdateCheck = 0700;
				LastUpgradeCheck = 0700;
				ORGANIZATIONNAME = Microsoft;
				TargetAttributes = {
					A2D9CBBD1943C2540017F096 = {
						CreatedOnToolsVersion = 6.0;
					};
				};
			};
			buildConfigurationList = A2D9CBB91943C2540017F096 /* Build configuration list for PBXProject "MobileTasks.iOS" */;
			compatibilityVersion = "Xcode 3.2";
			developmentRegion = English;
			hasScannedForEncodings = 0;
			knownRegions = (
				en,
				Base,
			);
			mainGroup = A2D9CBB51943C2540017F096;
			productRefGroup = A2D9CBBF1943C2540017F096 /* Products */;
			projectDirPath = "";
			projectRoot = "";
			targets = (
				A2D9CBBD1943C2540017F096 /* MobileTasks.iOS */,
			);
		};
/* End PBXProject section */

/* Begin PBXResourcesBuildPhase section */
		A2D9CBBC1943C2540017F096 /* Resources */ = {
			isa = PBXResourcesBuildPhase;
			buildActionMask = 2147483647;
			files = (
				A2D9CBCC1943C2540017F096 /* Main.storyboard in Resources */,
				A2D9CBCE1943C2540017F096 /* Images.xcassets in Resources */,
				A31A89F71BF3FDFA00C7B656 /* Launch Screen.storyboard in Resources */,
			);
			runOnlyForDeploymentPostprocessing = 0;
		};
/* End PBXResourcesBuildPhase section */

/* Begin PBXSourcesBuildPhase section */
		A2D9CBBA1943C2540017F096 /* Sources */ = {
			isa = PBXSourcesBuildPhase;
			buildActionMask = 2147483647;
			files = (
				A2E767C6194594DC00869113 /* TaskViewController.swift in Sources */,
				A2BD20971AC8A731007F7181 /* QSTodoDataModel.xcdatamodeld in Sources */,
				08E083331CAC61F70086228E /* Network.swift in Sources */,
				08685FE11CB73F520063BEDD /* TaskItemCell.swift in Sources */,
				A2D9CBE41943C39D0017F096 /* TasksViewController.swift in Sources */,
				08E083361CAC7B250086228E /* Async.swift in Sources */,
				08BC7BF51CB2F64D004E0690 /* ViewControllerShared.swift in Sources */,
				085860A01CAC9C1300851731 /* BaseViewController.swift in Sources */,
				08BC7BF31CB2F61B004E0690 /* BaseTableViewController.swift in Sources */,
				08E083301CAC12770086228E /* NetworkProtocol.swift in Sources */,
				08E0832A1CAC0DD00086228E /* LoginViewController.swift in Sources */,
				08BC7BEF1CB2EC18004E0690 /* MobleTask.swift in Sources */,
				08E0832D1CAC118A0086228E /* NetworkService.swift in Sources */,
				A2D9CBC41943C2540017F096 /* AppDelegate.swift in Sources */,
			);
			runOnlyForDeploymentPostprocessing = 0;
		};
/* End PBXSourcesBuildPhase section */

/* Begin PBXVariantGroup section */
		A2D9CBCA1943C2540017F096 /* Main.storyboard */ = {
			isa = PBXVariantGroup;
			children = (
				A2D9CBCB1943C2540017F096 /* Base */,
			);
			name = Main.storyboard;
			sourceTree = "<group>";
		};
/* End PBXVariantGroup section */

/* Begin XCBuildConfiguration section */
		A2D9CBDB1943C2540017F096 /* Debug */ = {
			isa = XCBuildConfiguration;
			buildSettings = {
				ALWAYS_SEARCH_USER_PATHS = NO;
				CLANG_CXX_LANGUAGE_STANDARD = "gnu++0x";
				CLANG_CXX_LIBRARY = "libc++";
				CLANG_ENABLE_MODULES = YES;
				CLANG_ENABLE_OBJC_ARC = YES;
				CLANG_WARN_BOOL_CONVERSION = YES;
				CLANG_WARN_CONSTANT_CONVERSION = YES;
				CLANG_WARN_DIRECT_OBJC_ISA_USAGE = YES_ERROR;
				CLANG_WARN_EMPTY_BODY = YES;
				CLANG_WARN_ENUM_CONVERSION = YES;
				CLANG_WARN_INT_CONVERSION = YES;
				CLANG_WARN_OBJC_ROOT_CLASS = YES_ERROR;
				CLANG_WARN_UNREACHABLE_CODE = YES;
				CLANG_WARN__DUPLICATE_METHOD_MATCH = YES;
				"CODE_SIGN_IDENTITY[sdk=iphoneos*]" = "iPhone Developer";
				COPY_PHASE_STRIP = NO;
				DEBUG_INFORMATION_FORMAT = dwarf;
				ENABLE_STRICT_OBJC_MSGSEND = YES;
				ENABLE_TESTABILITY = YES;
				GCC_C_LANGUAGE_STANDARD = gnu99;
				GCC_DYNAMIC_NO_PIC = NO;
				GCC_OPTIMIZATION_LEVEL = 0;
				GCC_PREPROCESSOR_DEFINITIONS = (
					"DEBUG=1",
					"$(inherited)",
				);
				GCC_SYMBOLS_PRIVATE_EXTERN = NO;
				GCC_WARN_64_TO_32_BIT_CONVERSION = YES;
				GCC_WARN_ABOUT_RETURN_TYPE = YES_ERROR;
				GCC_WARN_UNDECLARED_SELECTOR = YES;
				GCC_WARN_UNINITIALIZED_AUTOS = YES_AGGRESSIVE;
				GCC_WARN_UNUSED_FUNCTION = YES;
				GCC_WARN_UNUSED_VARIABLE = YES;
				IPHONEOS_DEPLOYMENT_TARGET = 9.0;
				METAL_ENABLE_DEBUG_INFO = YES;
				ONLY_ACTIVE_ARCH = YES;
				SDKROOT = iphoneos;
				SWIFT_OPTIMIZATION_LEVEL = "-Onone";
				TARGETED_DEVICE_FAMILY = "1,2";
			};
			name = Debug;
		};
		A2D9CBDC1943C2540017F096 /* Release */ = {
			isa = XCBuildConfiguration;
			buildSettings = {
				ALWAYS_SEARCH_USER_PATHS = NO;
				CLANG_CXX_LANGUAGE_STANDARD = "gnu++0x";
				CLANG_CXX_LIBRARY = "libc++";
				CLANG_ENABLE_MODULES = YES;
				CLANG_ENABLE_OBJC_ARC = YES;
				CLANG_WARN_BOOL_CONVERSION = YES;
				CLANG_WARN_CONSTANT_CONVERSION = YES;
				CLANG_WARN_DIRECT_OBJC_ISA_USAGE = YES_ERROR;
				CLANG_WARN_EMPTY_BODY = YES;
				CLANG_WARN_ENUM_CONVERSION = YES;
				CLANG_WARN_INT_CONVERSION = YES;
				CLANG_WARN_OBJC_ROOT_CLASS = YES_ERROR;
				CLANG_WARN_UNREACHABLE_CODE = YES;
				CLANG_WARN__DUPLICATE_METHOD_MATCH = YES;
				"CODE_SIGN_IDENTITY[sdk=iphoneos*]" = "iPhone Developer";
				COPY_PHASE_STRIP = YES;
				ENABLE_NS_ASSERTIONS = NO;
				ENABLE_STRICT_OBJC_MSGSEND = YES;
				GCC_C_LANGUAGE_STANDARD = gnu99;
				GCC_WARN_64_TO_32_BIT_CONVERSION = YES;
				GCC_WARN_ABOUT_RETURN_TYPE = YES_ERROR;
				GCC_WARN_UNDECLARED_SELECTOR = YES;
				GCC_WARN_UNINITIALIZED_AUTOS = YES_AGGRESSIVE;
				GCC_WARN_UNUSED_FUNCTION = YES;
				GCC_WARN_UNUSED_VARIABLE = YES;
				IPHONEOS_DEPLOYMENT_TARGET = 9.0;
				METAL_ENABLE_DEBUG_INFO = NO;
				SDKROOT = iphoneos;
				TARGETED_DEVICE_FAMILY = "1,2";
				VALIDATE_PRODUCT = YES;
			};
			name = Release;
		};
		A2D9CBDE1943C2540017F096 /* Debug */ = {
			isa = XCBuildConfiguration;
			buildSettings = {
				ASSETCATALOG_COMPILER_APPICON_NAME = AppIcon;
				CLANG_ENABLE_MODULES = YES;
				DEBUG_INFORMATION_FORMAT = dwarf;
				FRAMEWORK_SEARCH_PATHS = (
					"$(inherited)",
					"$(PROJECT_DIR)",
				);
				INFOPLIST_FILE = malmobileapp/Info.plist;
				IPHONEOS_DEPLOYMENT_TARGET = 9.0;
				LD_RUNPATH_SEARCH_PATHS = "$(inherited) @executable_path/Frameworks";
				PRODUCT_BUNDLE_IDENTIFIER = "Microsoft.${PRODUCT_NAME:rfc1034identifier}";
				PRODUCT_NAME = MobileTasks.iOS;
				SWIFT_OBJC_BRIDGING_HEADER = "malmobileapp/malmobileapp-Bridging-Header.h";
				SWIFT_OPTIMIZATION_LEVEL = "-Onone";
			};
			name = Debug;
		};
		A2D9CBDF1943C2540017F096 /* Release */ = {
			isa = XCBuildConfiguration;
			buildSettings = {
				ASSETCATALOG_COMPILER_APPICON_NAME = AppIcon;
				CLANG_ENABLE_MODULES = YES;
				FRAMEWORK_SEARCH_PATHS = (
					"$(inherited)",
					"$(PROJECT_DIR)",
				);
				INFOPLIST_FILE = malmobileapp/Info.plist;
				IPHONEOS_DEPLOYMENT_TARGET = 9.0;
				LD_RUNPATH_SEARCH_PATHS = "$(inherited) @executable_path/Frameworks";
				PRODUCT_BUNDLE_IDENTIFIER = "Microsoft.${PRODUCT_NAME:rfc1034identifier}";
				PRODUCT_NAME = MobileTasks.iOS;
				SWIFT_OBJC_BRIDGING_HEADER = "malmobileapp/malmobileapp-Bridging-Header.h";
			};
			name = Release;
		};
/* End XCBuildConfiguration section */

/* Begin XCConfigurationList section */
		A2D9CBB91943C2540017F096 /* Build configuration list for PBXProject "MobileTasks.iOS" */ = {
			isa = XCConfigurationList;
			buildConfigurations = (
				A2D9CBDB1943C2540017F096 /* Debug */,
				A2D9CBDC1943C2540017F096 /* Release */,
			);
			defaultConfigurationIsVisible = 0;
			defaultConfigurationName = Release;
		};
		A2D9CBDD1943C2540017F096 /* Build configuration list for PBXNativeTarget "MobileTasks.iOS" */ = {
			isa = XCConfigurationList;
			buildConfigurations = (
				A2D9CBDE1943C2540017F096 /* Debug */,
				A2D9CBDF1943C2540017F096 /* Release */,
			);
			defaultConfigurationIsVisible = 0;
			defaultConfigurationName = Release;
		};
/* End XCConfigurationList section */

/* Begin XCVersionGroup section */
		A2BD20951AC8A731007F7181 /* QSTodoDataModel.xcdatamodeld */ = {
			isa = XCVersionGroup;
			children = (
				A2BD20961AC8A731007F7181 /* QSTodoDataModel.xcdatamodel */,
			);
			currentVersion = A2BD20961AC8A731007F7181 /* QSTodoDataModel.xcdatamodel */;
			path = QSTodoDataModel.xcdatamodeld;
			sourceTree = "<group>";
			versionGroupType = wrapper.xcdatamodel;
		};
/* End XCVersionGroup section */
	};
	rootObject = A2D9CBB61943C2540017F096 /* Project object */;
}
