
Microsoft Visual Studio Solution File, Format Version 12.00
# Visual Studio 14
VisualStudioVersion = 14.0.24720.0
MinimumVisualStudioVersion = 10.0.40219.1
Project("{FAE04EC0-301F-11D3-BF4B-00C04F79EFBC}") = "MobileTasks.XForms.Droid", "MobileTasks.XForms\MobileTasks.XForms.Droid\MobileTasks.XForms.Droid.csproj", "{BA785E32-E0FA-4ACA-934B-D7A55AD41952}"
EndProject
Project("{FAE04EC0-301F-11D3-BF4B-00C04F79EFBC}") = "MobileTasks.XForms.iOS", "MobileTasks.XForms\MobileTasks.XForms.iOS\MobileTasks.XForms.iOS.csproj", "{0B682095-5587-4708-B510-F1AD1B4C3D2A}"
EndProject
Project("{FAE04EC0-301F-11D3-BF4B-00C04F79EFBC}") = "MobileTasks.XForms.WinPhone", "MobileTasks.XForms\MobileTasks.XForms.WinPhone\MobileTasks.XForms.WinPhone.csproj", "{7012152E-4479-4FC6-8A0F-FF93807D854A}"
EndProject
Project("{FAE04EC0-301F-11D3-BF4B-00C04F79EFBC}") = "MobileTasks.XForms.UWP", "MobileTasks.XForms\MobileTasks.XForms.UWP\MobileTasks.XForms.UWP.csproj", "{F61BAD05-A8EA-4572-8D30-2569E61C223A}"
EndProject
Project("{FAE04EC0-301F-11D3-BF4B-00C04F79EFBC}") = "MobileTasks.XForms.Windows", "MobileTasks.XForms\MobileTasks.XForms.Windows\MobileTasks.XForms.Windows.csproj", "{2C284140-545E-4111-B9EF-AC72816408AC}"
EndProject
Project("{D954291E-2A0B-460D-934E-DC6B0785DB48}") = "MobileTasks.XForms", "MobileTasks.XForms\MobileTasks.XForms\MobileTasks.XForms.shproj", "{85938A9E-15C8-4D6B-BC06-4011EC75AEDD}"
EndProject
Global
	GlobalSection(SharedMSBuildProjectFiles) = preSolution
		MobileTasks.XForms\MobileTasks.XForms\MobileTasks.XForms.projitems*{ba785e32-e0fa-4aca-934b-d7a55ad41952}*SharedItemsImports = 4
		MobileTasks.XForms\MobileTasks.XForms\MobileTasks.XForms.projitems*{0b682095-5587-4708-b510-f1ad1b4c3d2a}*SharedItemsImports = 4
		MobileTasks.XForms\MobileTasks.XForms\MobileTasks.XForms.projitems*{7012152e-4479-4fc6-8a0f-ff93807d854a}*SharedItemsImports = 4
		MobileTasks.XForms\MobileTasks.XForms\MobileTasks.XForms.projitems*{85938a9e-15c8-4d6b-bc06-4011ec75aedd}*SharedItemsImports = 13
		MobileTasks.XForms\MobileTasks.XForms\MobileTasks.XForms.projitems*{2c284140-545e-4111-b9ef-ac72816408ac}*SharedItemsImports = 4
		MobileTasks.XForms\MobileTasks.XForms\MobileTasks.XForms.projitems*{f61bad05-a8ea-4572-8d30-2569e61c223a}*SharedItemsImports = 4
	EndGlobalSection
	GlobalSection(SolutionConfigurationPlatforms) = preSolution
		Ad-Hoc|Any CPU = Ad-Hoc|Any CPU
		Ad-Hoc|ARM = Ad-Hoc|ARM
		Ad-Hoc|iPhone = Ad-Hoc|iPhone
		Ad-Hoc|iPhoneSimulator = Ad-Hoc|iPhoneSimulator
		Ad-Hoc|x64 = Ad-Hoc|x64
		Ad-Hoc|x86 = Ad-Hoc|x86
		AppStore|Any CPU = AppStore|Any CPU
		AppStore|ARM = AppStore|ARM
		AppStore|iPhone = AppStore|iPhone
		AppStore|iPhoneSimulator = AppStore|iPhoneSimulator
		AppStore|x64 = AppStore|x64
		AppStore|x86 = AppStore|x86
		Debug|Any CPU = Debug|Any CPU
		Debug|ARM = Debug|ARM
		Debug|iPhone = Debug|iPhone
		Debug|iPhoneSimulator = Debug|iPhoneSimulator
		Debug|x64 = Debug|x64
		Debug|x86 = Debug|x86
		Release|Any CPU = Release|Any CPU
		Release|ARM = Release|ARM
		Release|iPhone = Release|iPhone
		Release|iPhoneSimulator = Release|iPhoneSimulator
		Release|x64 = Release|x64
		Release|x86 = Release|x86
	EndGlobalSection
	GlobalSection(ProjectConfigurationPlatforms) = postSolution
		{BA785E32-E0FA-4ACA-934B-D7A55AD41952}.Ad-Hoc|Any CPU.ActiveCfg = Release|Any CPU
		{BA785E32-E0FA-4ACA-934B-D7A55AD41952}.Ad-Hoc|Any CPU.Build.0 = Release|Any CPU
		{BA785E32-E0FA-4ACA-934B-D7A55AD41952}.Ad-Hoc|Any CPU.Deploy.0 = Release|Any CPU
		{BA785E32-E0FA-4ACA-934B-D7A55AD41952}.Ad-Hoc|ARM.ActiveCfg = Release|Any CPU
		{BA785E32-E0FA-4ACA-934B-D7A55AD41952}.Ad-Hoc|ARM.Build.0 = Release|Any CPU
		{BA785E32-E0FA-4ACA-934B-D7A55AD41952}.Ad-Hoc|ARM.Deploy.0 = Release|Any CPU
		{BA785E32-E0FA-4ACA-934B-D7A55AD41952}.Ad-Hoc|iPhone.ActiveCfg = Release|Any CPU
		{BA785E32-E0FA-4ACA-934B-D7A55AD41952}.Ad-Hoc|iPhone.Build.0 = Release|Any CPU
		{BA785E32-E0FA-4ACA-934B-D7A55AD41952}.Ad-Hoc|iPhone.Deploy.0 = Release|Any CPU
		{BA785E32-E0FA-4ACA-934B-D7A55AD41952}.Ad-Hoc|iPhoneSimulator.ActiveCfg = Release|Any CPU
		{BA785E32-E0FA-4ACA-934B-D7A55AD41952}.Ad-Hoc|iPhoneSimulator.Build.0 = Release|Any CPU
		{BA785E32-E0FA-4ACA-934B-D7A55AD41952}.Ad-Hoc|iPhoneSimulator.Deploy.0 = Release|Any CPU
		{BA785E32-E0FA-4ACA-934B-D7A55AD41952}.Ad-Hoc|x64.ActiveCfg = Release|Any CPU
		{BA785E32-E0FA-4ACA-934B-D7A55AD41952}.Ad-Hoc|x64.Build.0 = Release|Any CPU
		{BA785E32-E0FA-4ACA-934B-D7A55AD41952}.Ad-Hoc|x64.Deploy.0 = Release|Any CPU
		{BA785E32-E0FA-4ACA-934B-D7A55AD41952}.Ad-Hoc|x86.ActiveCfg = Release|Any CPU
		{BA785E32-E0FA-4ACA-934B-D7A55AD41952}.Ad-Hoc|x86.Build.0 = Release|Any CPU
		{BA785E32-E0FA-4ACA-934B-D7A55AD41952}.Ad-Hoc|x86.Deploy.0 = Release|Any CPU
		{BA785E32-E0FA-4ACA-934B-D7A55AD41952}.AppStore|Any CPU.ActiveCfg = Release|Any CPU
		{BA785E32-E0FA-4ACA-934B-D7A55AD41952}.AppStore|Any CPU.Build.0 = Release|Any CPU
		{BA785E32-E0FA-4ACA-934B-D7A55AD41952}.AppStore|Any CPU.Deploy.0 = Release|Any CPU
		{BA785E32-E0FA-4ACA-934B-D7A55AD41952}.AppStore|ARM.ActiveCfg = Release|Any CPU
		{BA785E32-E0FA-4ACA-934B-D7A55AD41952}.AppStore|ARM.Build.0 = Release|Any CPU
		{BA785E32-E0FA-4ACA-934B-D7A55AD41952}.AppStore|ARM.Deploy.0 = Release|Any CPU
		{BA785E32-E0FA-4ACA-934B-D7A55AD41952}.AppStore|iPhone.ActiveCfg = Release|Any CPU
		{BA785E32-E0FA-4ACA-934B-D7A55AD41952}.AppStore|iPhone.Build.0 = Release|Any CPU
		{BA785E32-E0FA-4ACA-934B-D7A55AD41952}.AppStore|iPhone.Deploy.0 = Release|Any CPU
		{BA785E32-E0FA-4ACA-934B-D7A55AD41952}.AppStore|iPhoneSimulator.ActiveCfg = Release|Any CPU
		{BA785E32-E0FA-4ACA-934B-D7A55AD41952}.AppStore|iPhoneSimulator.Build.0 = Release|Any CPU
		{BA785E32-E0FA-4ACA-934B-D7A55AD41952}.AppStore|iPhoneSimulator.Deploy.0 = Release|Any CPU
		{BA785E32-E0FA-4ACA-934B-D7A55AD41952}.AppStore|x64.ActiveCfg = Release|Any CPU
		{BA785E32-E0FA-4ACA-934B-D7A55AD41952}.AppStore|x64.Build.0 = Release|Any CPU
		{BA785E32-E0FA-4ACA-934B-D7A55AD41952}.AppStore|x64.Deploy.0 = Release|Any CPU
		{BA785E32-E0FA-4ACA-934B-D7A55AD41952}.AppStore|x86.ActiveCfg = Release|Any CPU
		{BA785E32-E0FA-4ACA-934B-D7A55AD41952}.AppStore|x86.Build.0 = Release|Any CPU
		{BA785E32-E0FA-4ACA-934B-D7A55AD41952}.AppStore|x86.Deploy.0 = Release|Any CPU
		{BA785E32-E0FA-4ACA-934B-D7A55AD41952}.Debug|Any CPU.ActiveCfg = Debug|Any CPU
		{BA785E32-E0FA-4ACA-934B-D7A55AD41952}.Debug|Any CPU.Build.0 = Debug|Any CPU
		{BA785E32-E0FA-4ACA-934B-D7A55AD41952}.Debug|Any CPU.Deploy.0 = Debug|Any CPU
		{BA785E32-E0FA-4ACA-934B-D7A55AD41952}.Debug|ARM.ActiveCfg = Debug|Any CPU
		{BA785E32-E0FA-4ACA-934B-D7A55AD41952}.Debug|ARM.Build.0 = Debug|Any CPU
		{BA785E32-E0FA-4ACA-934B-D7A55AD41952}.Debug|ARM.Deploy.0 = Debug|Any CPU
		{BA785E32-E0FA-4ACA-934B-D7A55AD41952}.Debug|iPhone.ActiveCfg = Debug|Any CPU
		{BA785E32-E0FA-4ACA-934B-D7A55AD41952}.Debug|iPhone.Build.0 = Debug|Any CPU
		{BA785E32-E0FA-4ACA-934B-D7A55AD41952}.Debug|iPhone.Deploy.0 = Debug|Any CPU
		{BA785E32-E0FA-4ACA-934B-D7A55AD41952}.Debug|iPhoneSimulator.ActiveCfg = Debug|Any CPU
		{BA785E32-E0FA-4ACA-934B-D7A55AD41952}.Debug|iPhoneSimulator.Build.0 = Debug|Any CPU
		{BA785E32-E0FA-4ACA-934B-D7A55AD41952}.Debug|iPhoneSimulator.Deploy.0 = Debug|Any CPU
		{BA785E32-E0FA-4ACA-934B-D7A55AD41952}.Debug|x64.ActiveCfg = Debug|Any CPU
		{BA785E32-E0FA-4ACA-934B-D7A55AD41952}.Debug|x64.Build.0 = Debug|Any CPU
		{BA785E32-E0FA-4ACA-934B-D7A55AD41952}.Debug|x64.Deploy.0 = Debug|Any CPU
		{BA785E32-E0FA-4ACA-934B-D7A55AD41952}.Debug|x86.ActiveCfg = Debug|Any CPU
		{BA785E32-E0FA-4ACA-934B-D7A55AD41952}.Debug|x86.Build.0 = Debug|Any CPU
		{BA785E32-E0FA-4ACA-934B-D7A55AD41952}.Debug|x86.Deploy.0 = Debug|Any CPU
		{BA785E32-E0FA-4ACA-934B-D7A55AD41952}.Release|Any CPU.ActiveCfg = Release|Any CPU
		{BA785E32-E0FA-4ACA-934B-D7A55AD41952}.Release|Any CPU.Build.0 = Release|Any CPU
		{BA785E32-E0FA-4ACA-934B-D7A55AD41952}.Release|Any CPU.Deploy.0 = Release|Any CPU
		{BA785E32-E0FA-4ACA-934B-D7A55AD41952}.Release|ARM.ActiveCfg = Release|Any CPU
		{BA785E32-E0FA-4ACA-934B-D7A55AD41952}.Release|ARM.Build.0 = Release|Any CPU
		{BA785E32-E0FA-4ACA-934B-D7A55AD41952}.Release|ARM.Deploy.0 = Release|Any CPU
		{BA785E32-E0FA-4ACA-934B-D7A55AD41952}.Release|iPhone.ActiveCfg = Release|Any CPU
		{BA785E32-E0FA-4ACA-934B-D7A55AD41952}.Release|iPhone.Build.0 = Release|Any CPU
		{BA785E32-E0FA-4ACA-934B-D7A55AD41952}.Release|iPhone.Deploy.0 = Release|Any CPU
		{BA785E32-E0FA-4ACA-934B-D7A55AD41952}.Release|iPhoneSimulator.ActiveCfg = Release|Any CPU
		{BA785E32-E0FA-4ACA-934B-D7A55AD41952}.Release|iPhoneSimulator.Build.0 = Release|Any CPU
		{BA785E32-E0FA-4ACA-934B-D7A55AD41952}.Release|iPhoneSimulator.Deploy.0 = Release|Any CPU
		{BA785E32-E0FA-4ACA-934B-D7A55AD41952}.Release|x64.ActiveCfg = Release|Any CPU
		{BA785E32-E0FA-4ACA-934B-D7A55AD41952}.Release|x64.Build.0 = Release|Any CPU
		{BA785E32-E0FA-4ACA-934B-D7A55AD41952}.Release|x64.Deploy.0 = Release|Any CPU
		{BA785E32-E0FA-4ACA-934B-D7A55AD41952}.Release|x86.ActiveCfg = Release|Any CPU
		{BA785E32-E0FA-4ACA-934B-D7A55AD41952}.Release|x86.Build.0 = Release|Any CPU
		{BA785E32-E0FA-4ACA-934B-D7A55AD41952}.Release|x86.Deploy.0 = Release|Any CPU
		{0B682095-5587-4708-B510-F1AD1B4C3D2A}.Ad-Hoc|Any CPU.ActiveCfg = Ad-Hoc|iPhone
		{0B682095-5587-4708-B510-F1AD1B4C3D2A}.Ad-Hoc|ARM.ActiveCfg = Ad-Hoc|iPhone
		{0B682095-5587-4708-B510-F1AD1B4C3D2A}.Ad-Hoc|iPhone.ActiveCfg = Ad-Hoc|iPhone
		{0B682095-5587-4708-B510-F1AD1B4C3D2A}.Ad-Hoc|iPhone.Build.0 = Ad-Hoc|iPhone
		{0B682095-5587-4708-B510-F1AD1B4C3D2A}.Ad-Hoc|iPhoneSimulator.ActiveCfg = Ad-Hoc|iPhoneSimulator
		{0B682095-5587-4708-B510-F1AD1B4C3D2A}.Ad-Hoc|iPhoneSimulator.Build.0 = Ad-Hoc|iPhoneSimulator
		{0B682095-5587-4708-B510-F1AD1B4C3D2A}.Ad-Hoc|x64.ActiveCfg = Ad-Hoc|iPhone
		{0B682095-5587-4708-B510-F1AD1B4C3D2A}.Ad-Hoc|x86.ActiveCfg = Ad-Hoc|iPhone
		{0B682095-5587-4708-B510-F1AD1B4C3D2A}.AppStore|Any CPU.ActiveCfg = AppStore|iPhone
		{0B682095-5587-4708-B510-F1AD1B4C3D2A}.AppStore|ARM.ActiveCfg = AppStore|iPhone
		{0B682095-5587-4708-B510-F1AD1B4C3D2A}.AppStore|iPhone.ActiveCfg = AppStore|iPhone
		{0B682095-5587-4708-B510-F1AD1B4C3D2A}.AppStore|iPhone.Build.0 = AppStore|iPhone
		{0B682095-5587-4708-B510-F1AD1B4C3D2A}.AppStore|iPhoneSimulator.ActiveCfg = AppStore|iPhoneSimulator
		{0B682095-5587-4708-B510-F1AD1B4C3D2A}.AppStore|iPhoneSimulator.Build.0 = AppStore|iPhoneSimulator
		{0B682095-5587-4708-B510-F1AD1B4C3D2A}.AppStore|x64.ActiveCfg = AppStore|iPhone
		{0B682095-5587-4708-B510-F1AD1B4C3D2A}.AppStore|x86.ActiveCfg = AppStore|iPhone
		{0B682095-5587-4708-B510-F1AD1B4C3D2A}.Debug|Any CPU.ActiveCfg = Debug|iPhone
		{0B682095-5587-4708-B510-F1AD1B4C3D2A}.Debug|ARM.ActiveCfg = Debug|iPhone
		{0B682095-5587-4708-B510-F1AD1B4C3D2A}.Debug|iPhone.ActiveCfg = Debug|iPhone
		{0B682095-5587-4708-B510-F1AD1B4C3D2A}.Debug|iPhone.Build.0 = Debug|iPhone
		{0B682095-5587-4708-B510-F1AD1B4C3D2A}.Debug|iPhoneSimulator.ActiveCfg = Debug|iPhoneSimulator
		{0B682095-5587-4708-B510-F1AD1B4C3D2A}.Debug|iPhoneSimulator.Build.0 = Debug|iPhoneSimulator
		{0B682095-5587-4708-B510-F1AD1B4C3D2A}.Debug|x64.ActiveCfg = Debug|iPhone
		{0B682095-5587-4708-B510-F1AD1B4C3D2A}.Debug|x86.ActiveCfg = Debug|iPhone
		{0B682095-5587-4708-B510-F1AD1B4C3D2A}.Release|Any CPU.ActiveCfg = Release|iPhone
		{0B682095-5587-4708-B510-F1AD1B4C3D2A}.Release|ARM.ActiveCfg = Release|iPhone
		{0B682095-5587-4708-B510-F1AD1B4C3D2A}.Release|iPhone.ActiveCfg = Release|iPhone
		{0B682095-5587-4708-B510-F1AD1B4C3D2A}.Release|iPhone.Build.0 = Release|iPhone
		{0B682095-5587-4708-B510-F1AD1B4C3D2A}.Release|iPhoneSimulator.ActiveCfg = Release|iPhoneSimulator
		{0B682095-5587-4708-B510-F1AD1B4C3D2A}.Release|iPhoneSimulator.Build.0 = Release|iPhoneSimulator
		{0B682095-5587-4708-B510-F1AD1B4C3D2A}.Release|x64.ActiveCfg = Release|iPhone
		{0B682095-5587-4708-B510-F1AD1B4C3D2A}.Release|x86.ActiveCfg = Release|iPhone
		{7012152E-4479-4FC6-8A0F-FF93807D854A}.Ad-Hoc|Any CPU.ActiveCfg = Release|Any CPU
		{7012152E-4479-4FC6-8A0F-FF93807D854A}.Ad-Hoc|Any CPU.Build.0 = Release|Any CPU
		{7012152E-4479-4FC6-8A0F-FF93807D854A}.Ad-Hoc|Any CPU.Deploy.0 = Release|Any CPU
		{7012152E-4479-4FC6-8A0F-FF93807D854A}.Ad-Hoc|ARM.ActiveCfg = Release|ARM
		{7012152E-4479-4FC6-8A0F-FF93807D854A}.Ad-Hoc|ARM.Build.0 = Release|ARM
		{7012152E-4479-4FC6-8A0F-FF93807D854A}.Ad-Hoc|ARM.Deploy.0 = Release|ARM
		{7012152E-4479-4FC6-8A0F-FF93807D854A}.Ad-Hoc|iPhone.ActiveCfg = Release|Any CPU
		{7012152E-4479-4FC6-8A0F-FF93807D854A}.Ad-Hoc|iPhone.Build.0 = Release|Any CPU
		{7012152E-4479-4FC6-8A0F-FF93807D854A}.Ad-Hoc|iPhone.Deploy.0 = Release|Any CPU
		{7012152E-4479-4FC6-8A0F-FF93807D854A}.Ad-Hoc|iPhoneSimulator.ActiveCfg = Release|Any CPU
		{7012152E-4479-4FC6-8A0F-FF93807D854A}.Ad-Hoc|iPhoneSimulator.Build.0 = Release|Any CPU
		{7012152E-4479-4FC6-8A0F-FF93807D854A}.Ad-Hoc|iPhoneSimulator.Deploy.0 = Release|Any CPU
		{7012152E-4479-4FC6-8A0F-FF93807D854A}.Ad-Hoc|x64.ActiveCfg = Release|Any CPU
		{7012152E-4479-4FC6-8A0F-FF93807D854A}.Ad-Hoc|x64.Build.0 = Release|Any CPU
		{7012152E-4479-4FC6-8A0F-FF93807D854A}.Ad-Hoc|x64.Deploy.0 = Release|Any CPU
		{7012152E-4479-4FC6-8A0F-FF93807D854A}.Ad-Hoc|x86.ActiveCfg = Release|x86
		{7012152E-4479-4FC6-8A0F-FF93807D854A}.Ad-Hoc|x86.Build.0 = Release|x86
		{7012152E-4479-4FC6-8A0F-FF93807D854A}.Ad-Hoc|x86.Deploy.0 = Release|x86
		{7012152E-4479-4FC6-8A0F-FF93807D854A}.AppStore|Any CPU.ActiveCfg = Release|Any CPU
		{7012152E-4479-4FC6-8A0F-FF93807D854A}.AppStore|Any CPU.Build.0 = Release|Any CPU
		{7012152E-4479-4FC6-8A0F-FF93807D854A}.AppStore|Any CPU.Deploy.0 = Release|Any CPU
		{7012152E-4479-4FC6-8A0F-FF93807D854A}.AppStore|ARM.ActiveCfg = Release|ARM
		{7012152E-4479-4FC6-8A0F-FF93807D854A}.AppStore|ARM.Build.0 = Release|ARM
		{7012152E-4479-4FC6-8A0F-FF93807D854A}.AppStore|ARM.Deploy.0 = Release|ARM
		{7012152E-4479-4FC6-8A0F-FF93807D854A}.AppStore|iPhone.ActiveCfg = Release|Any CPU
		{7012152E-4479-4FC6-8A0F-FF93807D854A}.AppStore|iPhone.Build.0 = Release|Any CPU
		{7012152E-4479-4FC6-8A0F-FF93807D854A}.AppStore|iPhone.Deploy.0 = Release|Any CPU
		{7012152E-4479-4FC6-8A0F-FF93807D854A}.AppStore|iPhoneSimulator.ActiveCfg = Release|Any CPU
		{7012152E-4479-4FC6-8A0F-FF93807D854A}.AppStore|iPhoneSimulator.Build.0 = Release|Any CPU
		{7012152E-4479-4FC6-8A0F-FF93807D854A}.AppStore|iPhoneSimulator.Deploy.0 = Release|Any CPU
		{7012152E-4479-4FC6-8A0F-FF93807D854A}.AppStore|x64.ActiveCfg = Release|Any CPU
		{7012152E-4479-4FC6-8A0F-FF93807D854A}.AppStore|x64.Build.0 = Release|Any CPU
		{7012152E-4479-4FC6-8A0F-FF93807D854A}.AppStore|x64.Deploy.0 = Release|Any CPU
		{7012152E-4479-4FC6-8A0F-FF93807D854A}.AppStore|x86.ActiveCfg = Release|x86
		{7012152E-4479-4FC6-8A0F-FF93807D854A}.AppStore|x86.Build.0 = Release|x86
		{7012152E-4479-4FC6-8A0F-FF93807D854A}.AppStore|x86.Deploy.0 = Release|x86
		{7012152E-4479-4FC6-8A0F-FF93807D854A}.Debug|Any CPU.ActiveCfg = Debug|Any CPU
		{7012152E-4479-4FC6-8A0F-FF93807D854A}.Debug|Any CPU.Build.0 = Debug|Any CPU
		{7012152E-4479-4FC6-8A0F-FF93807D854A}.Debug|Any CPU.Deploy.0 = Debug|Any CPU
		{7012152E-4479-4FC6-8A0F-FF93807D854A}.Debug|ARM.ActiveCfg = Debug|ARM
		{7012152E-4479-4FC6-8A0F-FF93807D854A}.Debug|ARM.Build.0 = Debug|ARM
		{7012152E-4479-4FC6-8A0F-FF93807D854A}.Debug|ARM.Deploy.0 = Debug|ARM
		{7012152E-4479-4FC6-8A0F-FF93807D854A}.Debug|iPhone.ActiveCfg = Debug|Any CPU
		{7012152E-4479-4FC6-8A0F-FF93807D854A}.Debug|iPhone.Build.0 = Debug|Any CPU
		{7012152E-4479-4FC6-8A0F-FF93807D854A}.Debug|iPhone.Deploy.0 = Debug|Any CPU
		{7012152E-4479-4FC6-8A0F-FF93807D854A}.Debug|iPhoneSimulator.ActiveCfg = Debug|Any CPU
		{7012152E-4479-4FC6-8A0F-FF93807D854A}.Debug|iPhoneSimulator.Build.0 = Debug|Any CPU
		{7012152E-4479-4FC6-8A0F-FF93807D854A}.Debug|iPhoneSimulator.Deploy.0 = Debug|Any CPU
		{7012152E-4479-4FC6-8A0F-FF93807D854A}.Debug|x64.ActiveCfg = Debug|Any CPU
		{7012152E-4479-4FC6-8A0F-FF93807D854A}.Debug|x64.Build.0 = Debug|Any CPU
		{7012152E-4479-4FC6-8A0F-FF93807D854A}.Debug|x64.Deploy.0 = Debug|Any CPU
		{7012152E-4479-4FC6-8A0F-FF93807D854A}.Debug|x86.ActiveCfg = Debug|x86
		{7012152E-4479-4FC6-8A0F-FF93807D854A}.Debug|x86.Build.0 = Debug|x86
		{7012152E-4479-4FC6-8A0F-FF93807D854A}.Debug|x86.Deploy.0 = Debug|x86
		{7012152E-4479-4FC6-8A0F-FF93807D854A}.Release|Any CPU.ActiveCfg = Release|Any CPU
		{7012152E-4479-4FC6-8A0F-FF93807D854A}.Release|Any CPU.Build.0 = Release|Any CPU
		{7012152E-4479-4FC6-8A0F-FF93807D854A}.Release|Any CPU.Deploy.0 = Release|Any CPU
		{7012152E-4479-4FC6-8A0F-FF93807D854A}.Release|ARM.ActiveCfg = Release|ARM
		{7012152E-4479-4FC6-8A0F-FF93807D854A}.Release|ARM.Build.0 = Release|ARM
		{7012152E-4479-4FC6-8A0F-FF93807D854A}.Release|ARM.Deploy.0 = Release|ARM
		{7012152E-4479-4FC6-8A0F-FF93807D854A}.Release|iPhone.ActiveCfg = Release|Any CPU
		{7012152E-4479-4FC6-8A0F-FF93807D854A}.Release|iPhone.Build.0 = Release|Any CPU
		{7012152E-4479-4FC6-8A0F-FF93807D854A}.Release|iPhone.Deploy.0 = Release|Any CPU
		{7012152E-4479-4FC6-8A0F-FF93807D854A}.Release|iPhoneSimulator.ActiveCfg = Release|Any CPU
		{7012152E-4479-4FC6-8A0F-FF93807D854A}.Release|iPhoneSimulator.Build.0 = Release|Any CPU
		{7012152E-4479-4FC6-8A0F-FF93807D854A}.Release|iPhoneSimulator.Deploy.0 = Release|Any CPU
		{7012152E-4479-4FC6-8A0F-FF93807D854A}.Release|x64.ActiveCfg = Release|Any CPU
		{7012152E-4479-4FC6-8A0F-FF93807D854A}.Release|x64.Build.0 = Release|Any CPU
		{7012152E-4479-4FC6-8A0F-FF93807D854A}.Release|x64.Deploy.0 = Release|Any CPU
		{7012152E-4479-4FC6-8A0F-FF93807D854A}.Release|x86.ActiveCfg = Release|x86
		{7012152E-4479-4FC6-8A0F-FF93807D854A}.Release|x86.Build.0 = Release|x86
		{7012152E-4479-4FC6-8A0F-FF93807D854A}.Release|x86.Deploy.0 = Release|x86
		{F61BAD05-A8EA-4572-8D30-2569E61C223A}.Ad-Hoc|Any CPU.ActiveCfg = Release|x86
		{F61BAD05-A8EA-4572-8D30-2569E61C223A}.Ad-Hoc|Any CPU.Build.0 = Release|x86
		{F61BAD05-A8EA-4572-8D30-2569E61C223A}.Ad-Hoc|Any CPU.Deploy.0 = Release|x86
		{F61BAD05-A8EA-4572-8D30-2569E61C223A}.Ad-Hoc|ARM.ActiveCfg = Release|ARM
		{F61BAD05-A8EA-4572-8D30-2569E61C223A}.Ad-Hoc|ARM.Build.0 = Release|ARM
		{F61BAD05-A8EA-4572-8D30-2569E61C223A}.Ad-Hoc|ARM.Deploy.0 = Release|ARM
		{F61BAD05-A8EA-4572-8D30-2569E61C223A}.Ad-Hoc|iPhone.ActiveCfg = Release|x86
		{F61BAD05-A8EA-4572-8D30-2569E61C223A}.Ad-Hoc|iPhone.Build.0 = Release|x86
		{F61BAD05-A8EA-4572-8D30-2569E61C223A}.Ad-Hoc|iPhone.Deploy.0 = Release|x86
		{F61BAD05-A8EA-4572-8D30-2569E61C223A}.Ad-Hoc|iPhoneSimulator.ActiveCfg = Release|x86
		{F61BAD05-A8EA-4572-8D30-2569E61C223A}.Ad-Hoc|iPhoneSimulator.Build.0 = Release|x86
		{F61BAD05-A8EA-4572-8D30-2569E61C223A}.Ad-Hoc|iPhoneSimulator.Deploy.0 = Release|x86
		{F61BAD05-A8EA-4572-8D30-2569E61C223A}.Ad-Hoc|x64.ActiveCfg = Release|x64
		{F61BAD05-A8EA-4572-8D30-2569E61C223A}.Ad-Hoc|x64.Build.0 = Release|x64
		{F61BAD05-A8EA-4572-8D30-2569E61C223A}.Ad-Hoc|x64.Deploy.0 = Release|x64
		{F61BAD05-A8EA-4572-8D30-2569E61C223A}.Ad-Hoc|x86.ActiveCfg = Release|x86
		{F61BAD05-A8EA-4572-8D30-2569E61C223A}.Ad-Hoc|x86.Build.0 = Release|x86
		{F61BAD05-A8EA-4572-8D30-2569E61C223A}.Ad-Hoc|x86.Deploy.0 = Release|x86
		{F61BAD05-A8EA-4572-8D30-2569E61C223A}.AppStore|Any CPU.ActiveCfg = Release|x86
		{F61BAD05-A8EA-4572-8D30-2569E61C223A}.AppStore|Any CPU.Build.0 = Release|x86
		{F61BAD05-A8EA-4572-8D30-2569E61C223A}.AppStore|Any CPU.Deploy.0 = Release|x86
		{F61BAD05-A8EA-4572-8D30-2569E61C223A}.AppStore|ARM.ActiveCfg = Release|ARM
		{F61BAD05-A8EA-4572-8D30-2569E61C223A}.AppStore|ARM.Build.0 = Release|ARM
		{F61BAD05-A8EA-4572-8D30-2569E61C223A}.AppStore|ARM.Deploy.0 = Release|ARM
		{F61BAD05-A8EA-4572-8D30-2569E61C223A}.AppStore|iPhone.ActiveCfg = Release|x86
		{F61BAD05-A8EA-4572-8D30-2569E61C223A}.AppStore|iPhone.Build.0 = Release|x86
		{F61BAD05-A8EA-4572-8D30-2569E61C223A}.AppStore|iPhone.Deploy.0 = Release|x86
		{F61BAD05-A8EA-4572-8D30-2569E61C223A}.AppStore|iPhoneSimulator.ActiveCfg = Release|x86
		{F61BAD05-A8EA-4572-8D30-2569E61C223A}.AppStore|iPhoneSimulator.Build.0 = Release|x86
		{F61BAD05-A8EA-4572-8D30-2569E61C223A}.AppStore|iPhoneSimulator.Deploy.0 = Release|x86
		{F61BAD05-A8EA-4572-8D30-2569E61C223A}.AppStore|x64.ActiveCfg = Release|x64
		{F61BAD05-A8EA-4572-8D30-2569E61C223A}.AppStore|x64.Build.0 = Release|x64
		{F61BAD05-A8EA-4572-8D30-2569E61C223A}.AppStore|x64.Deploy.0 = Release|x64
		{F61BAD05-A8EA-4572-8D30-2569E61C223A}.AppStore|x86.ActiveCfg = Release|x86
		{F61BAD05-A8EA-4572-8D30-2569E61C223A}.AppStore|x86.Build.0 = Release|x86
		{F61BAD05-A8EA-4572-8D30-2569E61C223A}.AppStore|x86.Deploy.0 = Release|x86
		{F61BAD05-A8EA-4572-8D30-2569E61C223A}.Debug|Any CPU.ActiveCfg = Debug|x86
		{F61BAD05-A8EA-4572-8D30-2569E61C223A}.Debug|Any CPU.Build.0 = Debug|x86
		{F61BAD05-A8EA-4572-8D30-2569E61C223A}.Debug|Any CPU.Deploy.0 = Debug|x86
		{F61BAD05-A8EA-4572-8D30-2569E61C223A}.Debug|ARM.ActiveCfg = Debug|ARM
		{F61BAD05-A8EA-4572-8D30-2569E61C223A}.Debug|ARM.Build.0 = Debug|ARM
		{F61BAD05-A8EA-4572-8D30-2569E61C223A}.Debug|ARM.Deploy.0 = Debug|ARM
		{F61BAD05-A8EA-4572-8D30-2569E61C223A}.Debug|iPhone.ActiveCfg = Debug|x86
		{F61BAD05-A8EA-4572-8D30-2569E61C223A}.Debug|iPhoneSimulator.ActiveCfg = Debug|x86
		{F61BAD05-A8EA-4572-8D30-2569E61C223A}.Debug|x64.ActiveCfg = Debug|x64
		{F61BAD05-A8EA-4572-8D30-2569E61C223A}.Debug|x64.Build.0 = Debug|x64
		{F61BAD05-A8EA-4572-8D30-2569E61C223A}.Debug|x64.Deploy.0 = Debug|x64
		{F61BAD05-A8EA-4572-8D30-2569E61C223A}.Debug|x86.ActiveCfg = Debug|x86
		{F61BAD05-A8EA-4572-8D30-2569E61C223A}.Debug|x86.Build.0 = Debug|x86
		{F61BAD05-A8EA-4572-8D30-2569E61C223A}.Debug|x86.Deploy.0 = Debug|x86
		{F61BAD05-A8EA-4572-8D30-2569E61C223A}.Release|Any CPU.ActiveCfg = Release|x86
		{F61BAD05-A8EA-4572-8D30-2569E61C223A}.Release|ARM.ActiveCfg = Release|ARM
		{F61BAD05-A8EA-4572-8D30-2569E61C223A}.Release|ARM.Build.0 = Release|ARM
		{F61BAD05-A8EA-4572-8D30-2569E61C223A}.Release|ARM.Deploy.0 = Release|ARM
		{F61BAD05-A8EA-4572-8D30-2569E61C223A}.Release|iPhone.ActiveCfg = Release|x86
		{F61BAD05-A8EA-4572-8D30-2569E61C223A}.Release|iPhoneSimulator.ActiveCfg = Release|x86
		{F61BAD05-A8EA-4572-8D30-2569E61C223A}.Release|x64.ActiveCfg = Release|x64
		{F61BAD05-A8EA-4572-8D30-2569E61C223A}.Release|x64.Build.0 = Release|x64
		{F61BAD05-A8EA-4572-8D30-2569E61C223A}.Release|x64.Deploy.0 = Release|x64
		{F61BAD05-A8EA-4572-8D30-2569E61C223A}.Release|x86.ActiveCfg = Release|x86
		{F61BAD05-A8EA-4572-8D30-2569E61C223A}.Release|x86.Build.0 = Release|x86
		{F61BAD05-A8EA-4572-8D30-2569E61C223A}.Release|x86.Deploy.0 = Release|x86
		{2C284140-545E-4111-B9EF-AC72816408AC}.Ad-Hoc|Any CPU.ActiveCfg = Release|Any CPU
		{2C284140-545E-4111-B9EF-AC72816408AC}.Ad-Hoc|Any CPU.Build.0 = Release|Any CPU
		{2C284140-545E-4111-B9EF-AC72816408AC}.Ad-Hoc|Any CPU.Deploy.0 = Release|Any CPU
		{2C284140-545E-4111-B9EF-AC72816408AC}.Ad-Hoc|ARM.ActiveCfg = Release|ARM
		{2C284140-545E-4111-B9EF-AC72816408AC}.Ad-Hoc|ARM.Build.0 = Release|ARM
		{2C284140-545E-4111-B9EF-AC72816408AC}.Ad-Hoc|ARM.Deploy.0 = Release|ARM
		{2C284140-545E-4111-B9EF-AC72816408AC}.Ad-Hoc|iPhone.ActiveCfg = Release|Any CPU
		{2C284140-545E-4111-B9EF-AC72816408AC}.Ad-Hoc|iPhone.Build.0 = Release|Any CPU
		{2C284140-545E-4111-B9EF-AC72816408AC}.Ad-Hoc|iPhone.Deploy.0 = Release|Any CPU
		{2C284140-545E-4111-B9EF-AC72816408AC}.Ad-Hoc|iPhoneSimulator.ActiveCfg = Release|Any CPU
		{2C284140-545E-4111-B9EF-AC72816408AC}.Ad-Hoc|iPhoneSimulator.Build.0 = Release|Any CPU
		{2C284140-545E-4111-B9EF-AC72816408AC}.Ad-Hoc|iPhoneSimulator.Deploy.0 = Release|Any CPU
		{2C284140-545E-4111-B9EF-AC72816408AC}.Ad-Hoc|x64.ActiveCfg = Release|x64
		{2C284140-545E-4111-B9EF-AC72816408AC}.Ad-Hoc|x64.Build.0 = Release|x64
		{2C284140-545E-4111-B9EF-AC72816408AC}.Ad-Hoc|x64.Deploy.0 = Release|x64
		{2C284140-545E-4111-B9EF-AC72816408AC}.Ad-Hoc|x86.ActiveCfg = Release|x86
		{2C284140-545E-4111-B9EF-AC72816408AC}.Ad-Hoc|x86.Build.0 = Release|x86
		{2C284140-545E-4111-B9EF-AC72816408AC}.Ad-Hoc|x86.Deploy.0 = Release|x86
		{2C284140-545E-4111-B9EF-AC72816408AC}.AppStore|Any CPU.ActiveCfg = Release|Any CPU
		{2C284140-545E-4111-B9EF-AC72816408AC}.AppStore|Any CPU.Build.0 = Release|Any CPU
		{2C284140-545E-4111-B9EF-AC72816408AC}.AppStore|Any CPU.Deploy.0 = Release|Any CPU
		{2C284140-545E-4111-B9EF-AC72816408AC}.AppStore|ARM.ActiveCfg = Release|ARM
		{2C284140-545E-4111-B9EF-AC72816408AC}.AppStore|ARM.Build.0 = Release|ARM
		{2C284140-545E-4111-B9EF-AC72816408AC}.AppStore|ARM.Deploy.0 = Release|ARM
		{2C284140-545E-4111-B9EF-AC72816408AC}.AppStore|iPhone.ActiveCfg = Release|Any CPU
		{2C284140-545E-4111-B9EF-AC72816408AC}.AppStore|iPhone.Build.0 = Release|Any CPU
		{2C284140-545E-4111-B9EF-AC72816408AC}.AppStore|iPhone.Deploy.0 = Release|Any CPU
		{2C284140-545E-4111-B9EF-AC72816408AC}.AppStore|iPhoneSimulator.ActiveCfg = Release|Any CPU
		{2C284140-545E-4111-B9EF-AC72816408AC}.AppStore|iPhoneSimulator.Build.0 = Release|Any CPU
		{2C284140-545E-4111-B9EF-AC72816408AC}.AppStore|iPhoneSimulator.Deploy.0 = Release|Any CPU
		{2C284140-545E-4111-B9EF-AC72816408AC}.AppStore|x64.ActiveCfg = Release|x64
		{2C284140-545E-4111-B9EF-AC72816408AC}.AppStore|x64.Build.0 = Release|x64
		{2C284140-545E-4111-B9EF-AC72816408AC}.AppStore|x64.Deploy.0 = Release|x64
		{2C284140-545E-4111-B9EF-AC72816408AC}.AppStore|x86.ActiveCfg = Release|x86
		{2C284140-545E-4111-B9EF-AC72816408AC}.AppStore|x86.Build.0 = Release|x86
		{2C284140-545E-4111-B9EF-AC72816408AC}.AppStore|x86.Deploy.0 = Release|x86
		{2C284140-545E-4111-B9EF-AC72816408AC}.Debug|Any CPU.ActiveCfg = Debug|Any CPU
		{2C284140-545E-4111-B9EF-AC72816408AC}.Debug|Any CPU.Build.0 = Debug|Any CPU
		{2C284140-545E-4111-B9EF-AC72816408AC}.Debug|Any CPU.Deploy.0 = Debug|Any CPU
		{2C284140-545E-4111-B9EF-AC72816408AC}.Debug|ARM.ActiveCfg = Debug|ARM
		{2C284140-545E-4111-B9EF-AC72816408AC}.Debug|ARM.Build.0 = Debug|ARM
		{2C284140-545E-4111-B9EF-AC72816408AC}.Debug|ARM.Deploy.0 = Debug|ARM
		{2C284140-545E-4111-B9EF-AC72816408AC}.Debug|iPhone.ActiveCfg = Debug|Any CPU
		{2C284140-545E-4111-B9EF-AC72816408AC}.Debug|iPhone.Build.0 = Debug|Any CPU
		{2C284140-545E-4111-B9EF-AC72816408AC}.Debug|iPhone.Deploy.0 = Debug|Any CPU
		{2C284140-545E-4111-B9EF-AC72816408AC}.Debug|iPhoneSimulator.ActiveCfg = Debug|Any CPU
		{2C284140-545E-4111-B9EF-AC72816408AC}.Debug|iPhoneSimulator.Build.0 = Debug|Any CPU
		{2C284140-545E-4111-B9EF-AC72816408AC}.Debug|iPhoneSimulator.Deploy.0 = Debug|Any CPU
		{2C284140-545E-4111-B9EF-AC72816408AC}.Debug|x64.ActiveCfg = Debug|x64
		{2C284140-545E-4111-B9EF-AC72816408AC}.Debug|x64.Build.0 = Debug|x64
		{2C284140-545E-4111-B9EF-AC72816408AC}.Debug|x64.Deploy.0 = Debug|x64
		{2C284140-545E-4111-B9EF-AC72816408AC}.Debug|x86.ActiveCfg = Debug|x86
		{2C284140-545E-4111-B9EF-AC72816408AC}.Debug|x86.Build.0 = Debug|x86
		{2C284140-545E-4111-B9EF-AC72816408AC}.Debug|x86.Deploy.0 = Debug|x86
		{2C284140-545E-4111-B9EF-AC72816408AC}.Release|Any CPU.ActiveCfg = Release|Any CPU
		{2C284140-545E-4111-B9EF-AC72816408AC}.Release|Any CPU.Build.0 = Release|Any CPU
		{2C284140-545E-4111-B9EF-AC72816408AC}.Release|Any CPU.Deploy.0 = Release|Any CPU
		{2C284140-545E-4111-B9EF-AC72816408AC}.Release|ARM.ActiveCfg = Release|ARM
		{2C284140-545E-4111-B9EF-AC72816408AC}.Release|ARM.Build.0 = Release|ARM
		{2C284140-545E-4111-B9EF-AC72816408AC}.Release|ARM.Deploy.0 = Release|ARM
		{2C284140-545E-4111-B9EF-AC72816408AC}.Release|iPhone.ActiveCfg = Release|Any CPU
		{2C284140-545E-4111-B9EF-AC72816408AC}.Release|iPhone.Build.0 = Release|Any CPU
		{2C284140-545E-4111-B9EF-AC72816408AC}.Release|iPhone.Deploy.0 = Release|Any CPU
		{2C284140-545E-4111-B9EF-AC72816408AC}.Release|iPhoneSimulator.ActiveCfg = Release|Any CPU
		{2C284140-545E-4111-B9EF-AC72816408AC}.Release|iPhoneSimulator.Build.0 = Release|Any CPU
		{2C284140-545E-4111-B9EF-AC72816408AC}.Release|iPhoneSimulator.Deploy.0 = Release|Any CPU
		{2C284140-545E-4111-B9EF-AC72816408AC}.Release|x64.ActiveCfg = Release|x64
		{2C284140-545E-4111-B9EF-AC72816408AC}.Release|x64.Build.0 = Release|x64
		{2C284140-545E-4111-B9EF-AC72816408AC}.Release|x64.Deploy.0 = Release|x64
		{2C284140-545E-4111-B9EF-AC72816408AC}.Release|x86.ActiveCfg = Release|x86
		{2C284140-545E-4111-B9EF-AC72816408AC}.Release|x86.Build.0 = Release|x86
		{2C284140-545E-4111-B9EF-AC72816408AC}.Release|x86.Deploy.0 = Release|x86
	EndGlobalSection
	GlobalSection(SolutionProperties) = preSolution
		HideSolutionNode = FALSE
	EndGlobalSection
EndGlobal
